
Microsoft Visual Studio Solution File, Format Version 12.00
# Visual Studio 15
VisualStudioVersion = 15.0.27130.2003
MinimumVisualStudioVersion = 10.0.40219.1
Project("{9A19103F-16F7-4668-BE54-9A1E7A4F7556}") = "01.RhombusOfStars", "01.RhombusOfStars\01.RhombusOfStars.csproj", "{98C76EA1-AA8C-4AEB-A4ED-DD1FB3FDD8BD}"
EndProject
Project("{9A19103F-16F7-4668-BE54-9A1E7A4F7556}") = "02.PointInRectangle", "02.PointInRectangle\02.PointInRectangle.csproj", "{63DE3E4E-64F0-47AD-BF32-AE326042AE71}"
EndProject
Project("{9A19103F-16F7-4668-BE54-9A1E7A4F7556}") = "03.StudentSystem", "03.StudentSystem\03.StudentSystem.csproj", "{9D21DF5D-FA4F-4477-B348-DF0CFB01E8EA}"
EndProject
Project("{FAE04EC0-301F-11D3-BF4B-00C04F79EFBC}") = "04.HotelReservation", "04.HotelReservation\04.HotelReservation.csproj", "{66C62A8D-1F49-4C05-A394-5FC87E4E196E}"
EndProject
Global
	GlobalSection(SolutionConfigurationPlatforms) = preSolution
		Debug|Any CPU = Debug|Any CPU
		Release|Any CPU = Release|Any CPU
	EndGlobalSection
	GlobalSection(ProjectConfigurationPlatforms) = postSolution
		{98C76EA1-AA8C-4AEB-A4ED-DD1FB3FDD8BD}.Debug|Any CPU.ActiveCfg = Debug|Any CPU
		{98C76EA1-AA8C-4AEB-A4ED-DD1FB3FDD8BD}.Debug|Any CPU.Build.0 = Debug|Any CPU
		{98C76EA1-AA8C-4AEB-A4ED-DD1FB3FDD8BD}.Release|Any CPU.ActiveCfg = Release|Any CPU
		{98C76EA1-AA8C-4AEB-A4ED-DD1FB3FDD8BD}.Release|Any CPU.Build.0 = Release|Any CPU
		{63DE3E4E-64F0-47AD-BF32-AE326042AE71}.Debug|Any CPU.ActiveCfg = Debug|Any CPU
		{63DE3E4E-64F0-47AD-BF32-AE326042AE71}.Debug|Any CPU.Build.0 = Debug|Any CPU
		{63DE3E4E-64F0-47AD-BF32-AE326042AE71}.Release|Any CPU.ActiveCfg = Release|Any CPU
		{63DE3E4E-64F0-47AD-BF32-AE326042AE71}.Release|Any CPU.Build.0 = Release|Any CPU
		{9D21DF5D-FA4F-4477-B348-DF0CFB01E8EA}.Debug|Any CPU.ActiveCfg = Debug|Any CPU
		{9D21DF5D-FA4F-4477-B348-DF0CFB01E8EA}.Debug|Any CPU.Build.0 = Debug|Any CPU
		{9D21DF5D-FA4F-4477-B348-DF0CFB01E8EA}.Release|Any CPU.ActiveCfg = Release|Any CPU
		{9D21DF5D-FA4F-4477-B348-DF0CFB01E8EA}.Release|Any CPU.Build.0 = Release|Any CPU
		{66C62A8D-1F49-4C05-A394-5FC87E4E196E}.Debug|Any CPU.ActiveCfg = Debug|Any CPU
		{66C62A8D-1F49-4C05-A394-5FC87E4E196E}.Debug|Any CPU.Build.0 = Debug|Any CPU
		{66C62A8D-1F49-4C05-A394-5FC87E4E196E}.Release|Any CPU.ActiveCfg = Release|Any CPU
		{66C62A8D-1F49-4C05-A394-5FC87E4E196E}.Release|Any CPU.Build.0 = Release|Any CPU
	EndGlobalSection
	GlobalSection(SolutionProperties) = preSolution
		HideSolutionNode = FALSE
	EndGlobalSection
	GlobalSection(ExtensibilityGlobals) = postSolution
		SolutionGuid = {1750ABAD-011B-42CF-A9BE-DEBB4E3A3540}
	EndGlobalSection
EndGlobal
