
Microsoft Visual Studio Solution File, Format Version 12.00
# Visual Studio 15
VisualStudioVersion = 15.0.28010.2048
MinimumVisualStudioVersion = 10.0.40219.1
Project("{9A19103F-16F7-4668-BE54-9A1E7A4F7556}") = "01.Vehicles", "01.Vehicles\01.Vehicles.csproj", "{B01A73E3-5D06-4F0C-B061-9908DC08C374}"
EndProject
Project("{9A19103F-16F7-4668-BE54-9A1E7A4F7556}") = "02.VehiclesExtension", "02.VehiclesExtension\02.VehiclesExtension.csproj", "{C2BF5135-8983-4890-B801-386068D52A0E}"
EndProject
Project("{FAE04EC0-301F-11D3-BF4B-00C04F79EFBC}") = "03.WildFarm", "03.WildFarm\03.WildFarm.csproj", "{7F9E0FA6-2F62-4CAA-96B5-27C6C6E2B44B}"
EndProject
Global
	GlobalSection(SolutionConfigurationPlatforms) = preSolution
		Debug|Any CPU = Debug|Any CPU
		Release|Any CPU = Release|Any CPU
	EndGlobalSection
	GlobalSection(ProjectConfigurationPlatforms) = postSolution
		{B01A73E3-5D06-4F0C-B061-9908DC08C374}.Debug|Any CPU.ActiveCfg = Debug|Any CPU
		{B01A73E3-5D06-4F0C-B061-9908DC08C374}.Debug|Any CPU.Build.0 = Debug|Any CPU
		{B01A73E3-5D06-4F0C-B061-9908DC08C374}.Release|Any CPU.ActiveCfg = Release|Any CPU
		{B01A73E3-5D06-4F0C-B061-9908DC08C374}.Release|Any CPU.Build.0 = Release|Any CPU
		{C2BF5135-8983-4890-B801-386068D52A0E}.Debug|Any CPU.ActiveCfg = Debug|Any CPU
		{C2BF5135-8983-4890-B801-386068D52A0E}.Debug|Any CPU.Build.0 = Debug|Any CPU
		{C2BF5135-8983-4890-B801-386068D52A0E}.Release|Any CPU.ActiveCfg = Release|Any CPU
		{C2BF5135-8983-4890-B801-386068D52A0E}.Release|Any CPU.Build.0 = Release|Any CPU
		{7F9E0FA6-2F62-4CAA-96B5-27C6C6E2B44B}.Debug|Any CPU.ActiveCfg = Debug|Any CPU
		{7F9E0FA6-2F62-4CAA-96B5-27C6C6E2B44B}.Debug|Any CPU.Build.0 = Debug|Any CPU
		{7F9E0FA6-2F62-4CAA-96B5-27C6C6E2B44B}.Release|Any CPU.ActiveCfg = Release|Any CPU
		{7F9E0FA6-2F62-4CAA-96B5-27C6C6E2B44B}.Release|Any CPU.Build.0 = Release|Any CPU
	EndGlobalSection
	GlobalSection(SolutionProperties) = preSolution
		HideSolutionNode = FALSE
	EndGlobalSection
	GlobalSection(ExtensibilityGlobals) = postSolution
		SolutionGuid = {C6F97DF9-0500-4019-89EE-A074E22F0248}
	EndGlobalSection
EndGlobal
