
Microsoft Visual Studio Solution File, Format Version 12.00
# Visual Studio 15
VisualStudioVersion = 15.0.27130.2003
MinimumVisualStudioVersion = 10.0.40219.1
Project("{9A19103F-16F7-4668-BE54-9A1E7A4F7556}") = "01.RawData", "01.RawData\01.RawData.csproj", "{F468CE45-4801-4FC8-BF38-10AF38672AD9}"
EndProject
Project("{9A19103F-16F7-4668-BE54-9A1E7A4F7556}") = "02.CarsSalesman", "02.CarsSalesman\02.CarsSalesman.csproj", "{56A0EDD1-C243-441F-A07A-151F49131C3D}"
EndProject
Project("{9A19103F-16F7-4668-BE54-9A1E7A4F7556}") = "03.JediGalaxy", "03.JediGalaxy\03.JediGalaxy.csproj", "{13BB347F-A06C-485E-92EC-918841C87986}"
EndProject
Project("{9A19103F-16F7-4668-BE54-9A1E7A4F7556}") = "04.Hospital", "04.Hospital\04.Hospital.csproj", "{BBBB7EC0-6D15-4043-90E6-3EFEE056781C}"
EndProject
Project("{9A19103F-16F7-4668-BE54-9A1E7A4F7556}") = "05.GreedyTimes", "05.GreedyTimes\05.GreedyTimes.csproj", "{D987B7F8-9575-4516-917E-1C39846FBB06}"
EndProject
Project("{9A19103F-16F7-4668-BE54-9A1E7A4F7556}") = "06.Sneaking", "06.Sneaking\06.Sneaking.csproj", "{692DCB8F-291F-451E-A877-B2BB24368147}"
EndProject
Project("{9A19103F-16F7-4668-BE54-9A1E7A4F7556}") = "07.FamilyTree", "07.FamilyTree\07.FamilyTree.csproj", "{71A4D14C-9BDA-4E70-ABF1-6C1CDBEF732D}"
EndProject
Global
	GlobalSection(SolutionConfigurationPlatforms) = preSolution
		Debug|Any CPU = Debug|Any CPU
		Release|Any CPU = Release|Any CPU
	EndGlobalSection
	GlobalSection(ProjectConfigurationPlatforms) = postSolution
		{F468CE45-4801-4FC8-BF38-10AF38672AD9}.Debug|Any CPU.ActiveCfg = Debug|Any CPU
		{F468CE45-4801-4FC8-BF38-10AF38672AD9}.Debug|Any CPU.Build.0 = Debug|Any CPU
		{F468CE45-4801-4FC8-BF38-10AF38672AD9}.Release|Any CPU.ActiveCfg = Release|Any CPU
		{F468CE45-4801-4FC8-BF38-10AF38672AD9}.Release|Any CPU.Build.0 = Release|Any CPU
		{56A0EDD1-C243-441F-A07A-151F49131C3D}.Debug|Any CPU.ActiveCfg = Debug|Any CPU
		{56A0EDD1-C243-441F-A07A-151F49131C3D}.Debug|Any CPU.Build.0 = Debug|Any CPU
		{56A0EDD1-C243-441F-A07A-151F49131C3D}.Release|Any CPU.ActiveCfg = Release|Any CPU
		{56A0EDD1-C243-441F-A07A-151F49131C3D}.Release|Any CPU.Build.0 = Release|Any CPU
		{13BB347F-A06C-485E-92EC-918841C87986}.Debug|Any CPU.ActiveCfg = Debug|Any CPU
		{13BB347F-A06C-485E-92EC-918841C87986}.Debug|Any CPU.Build.0 = Debug|Any CPU
		{13BB347F-A06C-485E-92EC-918841C87986}.Release|Any CPU.ActiveCfg = Release|Any CPU
		{13BB347F-A06C-485E-92EC-918841C87986}.Release|Any CPU.Build.0 = Release|Any CPU
		{BBBB7EC0-6D15-4043-90E6-3EFEE056781C}.Debug|Any CPU.ActiveCfg = Debug|Any CPU
		{BBBB7EC0-6D15-4043-90E6-3EFEE056781C}.Debug|Any CPU.Build.0 = Debug|Any CPU
		{BBBB7EC0-6D15-4043-90E6-3EFEE056781C}.Release|Any CPU.ActiveCfg = Release|Any CPU
		{BBBB7EC0-6D15-4043-90E6-3EFEE056781C}.Release|Any CPU.Build.0 = Release|Any CPU
		{D987B7F8-9575-4516-917E-1C39846FBB06}.Debug|Any CPU.ActiveCfg = Debug|Any CPU
		{D987B7F8-9575-4516-917E-1C39846FBB06}.Debug|Any CPU.Build.0 = Debug|Any CPU
		{D987B7F8-9575-4516-917E-1C39846FBB06}.Release|Any CPU.ActiveCfg = Release|Any CPU
		{D987B7F8-9575-4516-917E-1C39846FBB06}.Release|Any CPU.Build.0 = Release|Any CPU
		{692DCB8F-291F-451E-A877-B2BB24368147}.Debug|Any CPU.ActiveCfg = Debug|Any CPU
		{692DCB8F-291F-451E-A877-B2BB24368147}.Debug|Any CPU.Build.0 = Debug|Any CPU
		{692DCB8F-291F-451E-A877-B2BB24368147}.Release|Any CPU.ActiveCfg = Release|Any CPU
		{692DCB8F-291F-451E-A877-B2BB24368147}.Release|Any CPU.Build.0 = Release|Any CPU
		{71A4D14C-9BDA-4E70-ABF1-6C1CDBEF732D}.Debug|Any CPU.ActiveCfg = Debug|Any CPU
		{71A4D14C-9BDA-4E70-ABF1-6C1CDBEF732D}.Debug|Any CPU.Build.0 = Debug|Any CPU
		{71A4D14C-9BDA-4E70-ABF1-6C1CDBEF732D}.Release|Any CPU.ActiveCfg = Release|Any CPU
		{71A4D14C-9BDA-4E70-ABF1-6C1CDBEF732D}.Release|Any CPU.Build.0 = Release|Any CPU
	EndGlobalSection
	GlobalSection(SolutionProperties) = preSolution
		HideSolutionNode = FALSE
	EndGlobalSection
	GlobalSection(ExtensibilityGlobals) = postSolution
		SolutionGuid = {A79E5858-D925-4C68-8E6B-9B8F9A606734}
	EndGlobalSection
EndGlobal
