
Microsoft Visual Studio Solution File, Format Version 12.00
# Visual Studio 15
VisualStudioVersion = 15.0.27130.2003
MinimumVisualStudioVersion = 10.0.40219.1
Project("{FAE04EC0-301F-11D3-BF4B-00C04F79EFBC}") = "01.SingleInheritance", "01.SingleInheritance\01.SingleInheritance.csproj", "{7D777ACD-1D18-48A0-B721-7BAF86D004D2}"
EndProject
Project("{FAE04EC0-301F-11D3-BF4B-00C04F79EFBC}") = "02.MultipleInheritance", "02.MultipleInheritance\02.MultipleInheritance.csproj", "{8655301D-9B47-44BA-8A38-F3F4FBF769E8}"
EndProject
Project("{FAE04EC0-301F-11D3-BF4B-00C04F79EFBC}") = "03.HierarchicalInheritance", "03.HierarchicalInheritance\03.HierarchicalInheritance.csproj", "{4DAB852B-3E14-48C3-996C-8906ED44927A}"
EndProject
Project("{9A19103F-16F7-4668-BE54-9A1E7A4F7556}") = "04.RandomList", "04.RandomList\04.RandomList.csproj", "{A1AF2D91-6276-46B0-A5EE-5E1214FFBD5F}"
EndProject
Project("{FAE04EC0-301F-11D3-BF4B-00C04F79EFBC}") = "05.StackOfStrings", "05.StackOfStrings\05.StackOfStrings.csproj", "{5D6A898E-39AD-49F0-9F31-33D75AF35EB2}"
EndProject
Global
	GlobalSection(SolutionConfigurationPlatforms) = preSolution
		Debug|Any CPU = Debug|Any CPU
		Release|Any CPU = Release|Any CPU
	EndGlobalSection
	GlobalSection(ProjectConfigurationPlatforms) = postSolution
		{7D777ACD-1D18-48A0-B721-7BAF86D004D2}.Debug|Any CPU.ActiveCfg = Debug|Any CPU
		{7D777ACD-1D18-48A0-B721-7BAF86D004D2}.Debug|Any CPU.Build.0 = Debug|Any CPU
		{7D777ACD-1D18-48A0-B721-7BAF86D004D2}.Release|Any CPU.ActiveCfg = Release|Any CPU
		{7D777ACD-1D18-48A0-B721-7BAF86D004D2}.Release|Any CPU.Build.0 = Release|Any CPU
		{8655301D-9B47-44BA-8A38-F3F4FBF769E8}.Debug|Any CPU.ActiveCfg = Debug|Any CPU
		{8655301D-9B47-44BA-8A38-F3F4FBF769E8}.Debug|Any CPU.Build.0 = Debug|Any CPU
		{8655301D-9B47-44BA-8A38-F3F4FBF769E8}.Release|Any CPU.ActiveCfg = Release|Any CPU
		{8655301D-9B47-44BA-8A38-F3F4FBF769E8}.Release|Any CPU.Build.0 = Release|Any CPU
		{4DAB852B-3E14-48C3-996C-8906ED44927A}.Debug|Any CPU.ActiveCfg = Debug|Any CPU
		{4DAB852B-3E14-48C3-996C-8906ED44927A}.Debug|Any CPU.Build.0 = Debug|Any CPU
		{4DAB852B-3E14-48C3-996C-8906ED44927A}.Release|Any CPU.ActiveCfg = Release|Any CPU
		{4DAB852B-3E14-48C3-996C-8906ED44927A}.Release|Any CPU.Build.0 = Release|Any CPU
		{A1AF2D91-6276-46B0-A5EE-5E1214FFBD5F}.Debug|Any CPU.ActiveCfg = Debug|Any CPU
		{A1AF2D91-6276-46B0-A5EE-5E1214FFBD5F}.Debug|Any CPU.Build.0 = Debug|Any CPU
		{A1AF2D91-6276-46B0-A5EE-5E1214FFBD5F}.Release|Any CPU.ActiveCfg = Release|Any CPU
		{A1AF2D91-6276-46B0-A5EE-5E1214FFBD5F}.Release|Any CPU.Build.0 = Release|Any CPU
		{5D6A898E-39AD-49F0-9F31-33D75AF35EB2}.Debug|Any CPU.ActiveCfg = Debug|Any CPU
		{5D6A898E-39AD-49F0-9F31-33D75AF35EB2}.Debug|Any CPU.Build.0 = Debug|Any CPU
		{5D6A898E-39AD-49F0-9F31-33D75AF35EB2}.Release|Any CPU.ActiveCfg = Release|Any CPU
		{5D6A898E-39AD-49F0-9F31-33D75AF35EB2}.Release|Any CPU.Build.0 = Release|Any CPU
	EndGlobalSection
	GlobalSection(SolutionProperties) = preSolution
		HideSolutionNode = FALSE
	EndGlobalSection
	GlobalSection(ExtensibilityGlobals) = postSolution
		SolutionGuid = {0BEA2B49-3030-4653-991E-49E1039DCEC8}
	EndGlobalSection
EndGlobal
