
Microsoft Visual Studio Solution File, Format Version 12.00
# Visual Studio 15
VisualStudioVersion = 15.0.27130.2003
MinimumVisualStudioVersion = 10.0.40219.1
Project("{FAE04EC0-301F-11D3-BF4B-00C04F79EFBC}") = "01.Person", "01.Person\01.Person.csproj", "{C50BD610-6969-4BFB-8A76-BDF2FED911EE}"
EndProject
Project("{FAE04EC0-301F-11D3-BF4B-00C04F79EFBC}") = "02.BookShop", "02.BookShop\02.BookShop.csproj", "{542C6407-2D78-42C1-AD9E-62C9D7E3696B}"
EndProject
Project("{FAE04EC0-301F-11D3-BF4B-00C04F79EFBC}") = "03.Mankind", "03.Mankind\03.Mankind.csproj", "{8E3B4F08-6629-4F2A-A3FC-9B797D6162FE}"
EndProject
Project("{FAE04EC0-301F-11D3-BF4B-00C04F79EFBC}") = "04.OnlineRadioDatabase", "04.OnlineRadioDatabase\04.OnlineRadioDatabase.csproj", "{34FE6C40-4BD9-4E18-BC92-FBFD7E64684F}"
EndProject
Project("{FAE04EC0-301F-11D3-BF4B-00C04F79EFBC}") = "06.Animals", "06.Animals\06.Animals.csproj", "{A7FFC5DF-12E9-484C-B430-F63F0A398CD6}"
EndProject
Global
	GlobalSection(SolutionConfigurationPlatforms) = preSolution
		Debug|Any CPU = Debug|Any CPU
		Release|Any CPU = Release|Any CPU
	EndGlobalSection
	GlobalSection(ProjectConfigurationPlatforms) = postSolution
		{C50BD610-6969-4BFB-8A76-BDF2FED911EE}.Debug|Any CPU.ActiveCfg = Debug|Any CPU
		{C50BD610-6969-4BFB-8A76-BDF2FED911EE}.Debug|Any CPU.Build.0 = Debug|Any CPU
		{C50BD610-6969-4BFB-8A76-BDF2FED911EE}.Release|Any CPU.ActiveCfg = Release|Any CPU
		{C50BD610-6969-4BFB-8A76-BDF2FED911EE}.Release|Any CPU.Build.0 = Release|Any CPU
		{542C6407-2D78-42C1-AD9E-62C9D7E3696B}.Debug|Any CPU.ActiveCfg = Debug|Any CPU
		{542C6407-2D78-42C1-AD9E-62C9D7E3696B}.Debug|Any CPU.Build.0 = Debug|Any CPU
		{542C6407-2D78-42C1-AD9E-62C9D7E3696B}.Release|Any CPU.ActiveCfg = Release|Any CPU
		{542C6407-2D78-42C1-AD9E-62C9D7E3696B}.Release|Any CPU.Build.0 = Release|Any CPU
		{8E3B4F08-6629-4F2A-A3FC-9B797D6162FE}.Debug|Any CPU.ActiveCfg = Debug|Any CPU
		{8E3B4F08-6629-4F2A-A3FC-9B797D6162FE}.Debug|Any CPU.Build.0 = Debug|Any CPU
		{8E3B4F08-6629-4F2A-A3FC-9B797D6162FE}.Release|Any CPU.ActiveCfg = Release|Any CPU
		{8E3B4F08-6629-4F2A-A3FC-9B797D6162FE}.Release|Any CPU.Build.0 = Release|Any CPU
		{34FE6C40-4BD9-4E18-BC92-FBFD7E64684F}.Debug|Any CPU.ActiveCfg = Debug|Any CPU
		{34FE6C40-4BD9-4E18-BC92-FBFD7E64684F}.Debug|Any CPU.Build.0 = Debug|Any CPU
		{34FE6C40-4BD9-4E18-BC92-FBFD7E64684F}.Release|Any CPU.ActiveCfg = Release|Any CPU
		{34FE6C40-4BD9-4E18-BC92-FBFD7E64684F}.Release|Any CPU.Build.0 = Release|Any CPU
		{A7FFC5DF-12E9-484C-B430-F63F0A398CD6}.Debug|Any CPU.ActiveCfg = Debug|Any CPU
		{A7FFC5DF-12E9-484C-B430-F63F0A398CD6}.Debug|Any CPU.Build.0 = Debug|Any CPU
		{A7FFC5DF-12E9-484C-B430-F63F0A398CD6}.Release|Any CPU.ActiveCfg = Release|Any CPU
		{A7FFC5DF-12E9-484C-B430-F63F0A398CD6}.Release|Any CPU.Build.0 = Release|Any CPU
	EndGlobalSection
	GlobalSection(SolutionProperties) = preSolution
		HideSolutionNode = FALSE
	EndGlobalSection
	GlobalSection(ExtensibilityGlobals) = postSolution
		SolutionGuid = {62B665B5-44AA-4FCC-8E3F-2BDD6CB8EACB}
	EndGlobalSection
EndGlobal
